
Microsoft Visual Studio Solution File, Format Version 12.00
# Visual Studio Version 17
VisualStudioVersion = 17.4.33205.214
MinimumVisualStudioVersion = 10.0.40219.1
Project("{FAE04EC0-301F-11D3-BF4B-00C04F79EFBC}") = "methodOverloading", "methodOverloading.csproj", "{646AD588-6E39-423D-961B-F175D43278F1}"
EndProject
Global
	GlobalSection(SolutionConfigurationPlatforms) = preSolution
		Debug|Any CPU = Debug|Any CPU
		Release|Any CPU = Release|Any CPU
	EndGlobalSection
	GlobalSection(ProjectConfigurationPlatforms) = postSolution
		{646AD588-6E39-423D-961B-F175D43278F1}.Debug|Any CPU.ActiveCfg = Debug|Any CPU
		{646AD588-6E39-423D-961B-F175D43278F1}.Debug|Any CPU.Build.0 = Debug|Any CPU
		{646AD588-6E39-423D-961B-F175D43278F1}.Release|Any CPU.ActiveCfg = Release|Any CPU
		{646AD588-6E39-423D-961B-F175D43278F1}.Release|Any CPU.Build.0 = Release|Any CPU
	EndGlobalSection
	GlobalSection(SolutionProperties) = preSolution
		HideSolutionNode = FALSE
	EndGlobalSection
	GlobalSection(ExtensibilityGlobals) = postSolution
		SolutionGuid = {EDBEEE39-1128-4D43-8FA2-55089FBBCAA7}
	EndGlobalSection
EndGlobal
